
Microsoft Visual Studio Solution File, Format Version 12.00
# Visual Studio 15
VisualStudioVersion = 15.0.27703.2000
MinimumVisualStudioVersion = 10.0.40219.1
Project("{FAE04EC0-301F-11D3-BF4B-00C04F79EFBC}") = "NAC.IBMNAV.ACL", "NAC.IBMNAV.ACL\NAC.IBMNAV.ACL.csproj", "{88DAF066-190F-4B78-9BAF-91BEFB2A6DCF}"
EndProject
Global
	GlobalSection(SolutionConfigurationPlatforms) = preSolution
		Debug|Any CPU = Debug|Any CPU
		Release|Any CPU = Release|Any CPU
	EndGlobalSection
	GlobalSection(ProjectConfigurationPlatforms) = postSolution
		{88DAF066-190F-4B78-9BAF-91BEFB2A6DCF}.Debug|Any CPU.ActiveCfg = Debug|Any CPU
		{88DAF066-190F-4B78-9BAF-91BEFB2A6DCF}.Debug|Any CPU.Build.0 = Debug|Any CPU
		{88DAF066-190F-4B78-9BAF-91BEFB2A6DCF}.Release|Any CPU.ActiveCfg = Release|Any CPU
		{88DAF066-190F-4B78-9BAF-91BEFB2A6DCF}.Release|Any CPU.Build.0 = Release|Any CPU
	EndGlobalSection
	GlobalSection(SolutionProperties) = preSolution
		HideSolutionNode = FALSE
	EndGlobalSection
	GlobalSection(ExtensibilityGlobals) = postSolution
		SolutionGuid = {15CED537-A1F1-4193-85B6-9EF4DC2EFC0E}
	EndGlobalSection
EndGlobal
